
Microsoft Visual Studio Solution File, Format Version 12.00
# Visual Studio Version 17
VisualStudioVersion = 17.13.35806.99 d17.13
MinimumVisualStudioVersion = 10.0.40219.1
Project("{FAE04EC0-301F-11D3-BF4B-00C04F79EFBC}") = "WebService", "WebService.csproj", "{2AF33A5D-9F74-48B3-8EBC-5F9630992A1F}"
EndProject
Global
	GlobalSection(SolutionConfigurationPlatforms) = preSolution
		Debug|Any CPU = Debug|Any CPU
		Release|Any CPU = Release|Any CPU
	EndGlobalSection
	GlobalSection(ProjectConfigurationPlatforms) = postSolution
		{2AF33A5D-9F74-48B3-8EBC-5F9630992A1F}.Debug|Any CPU.ActiveCfg = Debug|Any CPU
		{2AF33A5D-9F74-48B3-8EBC-5F9630992A1F}.Debug|Any CPU.Build.0 = Debug|Any CPU
		{2AF33A5D-9F74-48B3-8EBC-5F9630992A1F}.Release|Any CPU.ActiveCfg = Release|Any CPU
		{2AF33A5D-9F74-48B3-8EBC-5F9630992A1F}.Release|Any CPU.Build.0 = Release|Any CPU
	EndGlobalSection
	GlobalSection(SolutionProperties) = preSolution
		HideSolutionNode = FALSE
	EndGlobalSection
	GlobalSection(ExtensibilityGlobals) = postSolution
		SolutionGuid = {43A42DE7-7773-40B0-A497-C7FD6ECAAA7D}
	EndGlobalSection
EndGlobal
